
Microsoft Visual Studio Solution File, Format Version 12.00
# Visual Studio Version 16
VisualStudioVersion = 16.0.32901.82
MinimumVisualStudioVersion = 10.0.40219.1
Project("{FAE04EC0-301F-11D3-BF4B-00C04F79EFBC}") = "API1", "API1\API1.csproj", "{814752CD-B2E0-4D0C-A00B-AFB25C1BF746}"
EndProject
Global
	GlobalSection(SolutionConfigurationPlatforms) = preSolution
		Debug|Any CPU = Debug|Any CPU
		Release|Any CPU = Release|Any CPU
	EndGlobalSection
	GlobalSection(ProjectConfigurationPlatforms) = postSolution
		{814752CD-B2E0-4D0C-A00B-AFB25C1BF746}.Debug|Any CPU.ActiveCfg = Debug|Any CPU
		{814752CD-B2E0-4D0C-A00B-AFB25C1BF746}.Debug|Any CPU.Build.0 = Debug|Any CPU
		{814752CD-B2E0-4D0C-A00B-AFB25C1BF746}.Release|Any CPU.ActiveCfg = Release|Any CPU
		{814752CD-B2E0-4D0C-A00B-AFB25C1BF746}.Release|Any CPU.Build.0 = Release|Any CPU
	EndGlobalSection
	GlobalSection(SolutionProperties) = preSolution
		HideSolutionNode = FALSE
	EndGlobalSection
	GlobalSection(ExtensibilityGlobals) = postSolution
		SolutionGuid = {21495ECE-5351-45CE-AA71-494B5B1DD1AE}
	EndGlobalSection
EndGlobal
